
Microsoft Visual Studio Solution File, Format Version 12.00
# Visual Studio Version 16
VisualStudioVersion = 16.0.29418.71
MinimumVisualStudioVersion = 10.0.40219.1
Project("{FAE04EC0-301F-11D3-BF4B-00C04F79EFBC}") = "CashDeskIP", "CashDeskIP\CashDeskIP.csproj", "{ADE2401D-D6BA-48C7-800D-DBDF605705AA}"
EndProject
Global
	GlobalSection(SolutionConfigurationPlatforms) = preSolution
		Debug|Any CPU = Debug|Any CPU
		Release|Any CPU = Release|Any CPU
	EndGlobalSection
	GlobalSection(ProjectConfigurationPlatforms) = postSolution
		{ADE2401D-D6BA-48C7-800D-DBDF605705AA}.Debug|Any CPU.ActiveCfg = Debug|Any CPU
		{ADE2401D-D6BA-48C7-800D-DBDF605705AA}.Debug|Any CPU.Build.0 = Debug|Any CPU
		{ADE2401D-D6BA-48C7-800D-DBDF605705AA}.Release|Any CPU.ActiveCfg = Release|Any CPU
		{ADE2401D-D6BA-48C7-800D-DBDF605705AA}.Release|Any CPU.Build.0 = Release|Any CPU
	EndGlobalSection
	GlobalSection(SolutionProperties) = preSolution
		HideSolutionNode = FALSE
	EndGlobalSection
	GlobalSection(ExtensibilityGlobals) = postSolution
		SolutionGuid = {63D8AD6F-E804-4788-9A1A-460B80093436}
	EndGlobalSection
EndGlobal
