
Microsoft Visual Studio Solution File, Format Version 12.00
# Visual Studio Version 16
VisualStudioVersion = 16.0.29418.71
MinimumVisualStudioVersion = 10.0.40219.1
Project("{FAE04EC0-301F-11D3-BF4B-00C04F79EFBC}") = "kitchenIP", "kitchenIP\kitchenIP.csproj", "{EAC81F81-E8EB-4BEB-808A-06D7B5BBB733}"
EndProject
Global
	GlobalSection(SolutionConfigurationPlatforms) = preSolution
		Debug|Any CPU = Debug|Any CPU
		Release|Any CPU = Release|Any CPU
	EndGlobalSection
	GlobalSection(ProjectConfigurationPlatforms) = postSolution
		{EAC81F81-E8EB-4BEB-808A-06D7B5BBB733}.Debug|Any CPU.ActiveCfg = Debug|Any CPU
		{EAC81F81-E8EB-4BEB-808A-06D7B5BBB733}.Debug|Any CPU.Build.0 = Debug|Any CPU
		{EAC81F81-E8EB-4BEB-808A-06D7B5BBB733}.Release|Any CPU.ActiveCfg = Release|Any CPU
		{EAC81F81-E8EB-4BEB-808A-06D7B5BBB733}.Release|Any CPU.Build.0 = Release|Any CPU
	EndGlobalSection
	GlobalSection(SolutionProperties) = preSolution
		HideSolutionNode = FALSE
	EndGlobalSection
	GlobalSection(ExtensibilityGlobals) = postSolution
		SolutionGuid = {071940A0-92B6-4116-8956-35028BE5EB64}
	EndGlobalSection
EndGlobal
